
Microsoft Visual Studio Solution File, Format Version 12.00
# Visual Studio Version 17
VisualStudioVersion = 17.0.31903.59
MinimumVisualStudioVersion = 10.0.40219.1
Project("{FAE04EC0-301F-11D3-BF4B-00C04F79EFBC}") = "API", "API\API.csproj", "{F74E07BE-41D8-49E2-BCD5-4EEFEE9BA45E}"
EndProject
Project("{FAE04EC0-301F-11D3-BF4B-00C04F79EFBC}") = "Core", "Core\Core.csproj", "{B8FDAF73-C42C-45DC-9128-FEDA433BC489}"
EndProject
Project("{FAE04EC0-301F-11D3-BF4B-00C04F79EFBC}") = "Infra", "Infra\Infra.csproj", "{C731A1CF-60F7-4888-BD2E-BE4F989CC31C}"
EndProject
Global
	GlobalSection(SolutionConfigurationPlatforms) = preSolution
		Debug|Any CPU = Debug|Any CPU
		Release|Any CPU = Release|Any CPU
	EndGlobalSection
	GlobalSection(SolutionProperties) = preSolution
		HideSolutionNode = FALSE
	EndGlobalSection
	GlobalSection(ProjectConfigurationPlatforms) = postSolution
		{F74E07BE-41D8-49E2-BCD5-4EEFEE9BA45E}.Debug|Any CPU.ActiveCfg = Debug|Any CPU
		{F74E07BE-41D8-49E2-BCD5-4EEFEE9BA45E}.Debug|Any CPU.Build.0 = Debug|Any CPU
		{F74E07BE-41D8-49E2-BCD5-4EEFEE9BA45E}.Release|Any CPU.ActiveCfg = Release|Any CPU
		{F74E07BE-41D8-49E2-BCD5-4EEFEE9BA45E}.Release|Any CPU.Build.0 = Release|Any CPU
		{B8FDAF73-C42C-45DC-9128-FEDA433BC489}.Debug|Any CPU.ActiveCfg = Debug|Any CPU
		{B8FDAF73-C42C-45DC-9128-FEDA433BC489}.Debug|Any CPU.Build.0 = Debug|Any CPU
		{B8FDAF73-C42C-45DC-9128-FEDA433BC489}.Release|Any CPU.ActiveCfg = Release|Any CPU
		{B8FDAF73-C42C-45DC-9128-FEDA433BC489}.Release|Any CPU.Build.0 = Release|Any CPU
		{C731A1CF-60F7-4888-BD2E-BE4F989CC31C}.Debug|Any CPU.ActiveCfg = Debug|Any CPU
		{C731A1CF-60F7-4888-BD2E-BE4F989CC31C}.Debug|Any CPU.Build.0 = Debug|Any CPU
		{C731A1CF-60F7-4888-BD2E-BE4F989CC31C}.Release|Any CPU.ActiveCfg = Release|Any CPU
		{C731A1CF-60F7-4888-BD2E-BE4F989CC31C}.Release|Any CPU.Build.0 = Release|Any CPU
	EndGlobalSection
EndGlobal
